
Microsoft Visual Studio Solution File, Format Version 12.00
# Visual Studio 15
VisualStudioVersion = 15.0.28307.1062
MinimumVisualStudioVersion = 10.0.40219.1
Project("{FAE04EC0-301F-11D3-BF4B-00C04F79EFBC}") = "WcfServiceLibrary", "WcfServiceLibrary\WcfServiceLibrary.csproj", "{A2207217-FDAD-4D99-9142-08BAD64B74E4}"
EndProject
Project("{FAE04EC0-301F-11D3-BF4B-00C04F79EFBC}") = "WcfClient", "WcfClient\WcfClient.csproj", "{10D33F8B-4E34-4ACF-9AA6-C41295FD4274}"
EndProject
Project("{FAE04EC0-301F-11D3-BF4B-00C04F79EFBC}") = "WcfHost", "WcfHost\WcfHost.csproj", "{A07089F2-B9EE-40AE-9ABD-CE15228BF42F}"
EndProject
Global
	GlobalSection(SolutionConfigurationPlatforms) = preSolution
		Debug|Any CPU = Debug|Any CPU
		Release|Any CPU = Release|Any CPU
	EndGlobalSection
	GlobalSection(ProjectConfigurationPlatforms) = postSolution
		{A2207217-FDAD-4D99-9142-08BAD64B74E4}.Debug|Any CPU.ActiveCfg = Debug|Any CPU
		{A2207217-FDAD-4D99-9142-08BAD64B74E4}.Debug|Any CPU.Build.0 = Debug|Any CPU
		{A2207217-FDAD-4D99-9142-08BAD64B74E4}.Release|Any CPU.ActiveCfg = Release|Any CPU
		{A2207217-FDAD-4D99-9142-08BAD64B74E4}.Release|Any CPU.Build.0 = Release|Any CPU
		{10D33F8B-4E34-4ACF-9AA6-C41295FD4274}.Debug|Any CPU.ActiveCfg = Debug|Any CPU
		{10D33F8B-4E34-4ACF-9AA6-C41295FD4274}.Debug|Any CPU.Build.0 = Debug|Any CPU
		{10D33F8B-4E34-4ACF-9AA6-C41295FD4274}.Release|Any CPU.ActiveCfg = Release|Any CPU
		{10D33F8B-4E34-4ACF-9AA6-C41295FD4274}.Release|Any CPU.Build.0 = Release|Any CPU
		{A07089F2-B9EE-40AE-9ABD-CE15228BF42F}.Debug|Any CPU.ActiveCfg = Debug|Any CPU
		{A07089F2-B9EE-40AE-9ABD-CE15228BF42F}.Debug|Any CPU.Build.0 = Debug|Any CPU
		{A07089F2-B9EE-40AE-9ABD-CE15228BF42F}.Release|Any CPU.ActiveCfg = Release|Any CPU
		{A07089F2-B9EE-40AE-9ABD-CE15228BF42F}.Release|Any CPU.Build.0 = Release|Any CPU
	EndGlobalSection
	GlobalSection(SolutionProperties) = preSolution
		HideSolutionNode = FALSE
	EndGlobalSection
	GlobalSection(ExtensibilityGlobals) = postSolution
		SolutionGuid = {6ADFADFF-ADA3-49AF-9FA3-53E469FAFE27}
	EndGlobalSection
EndGlobal
